{
  "name": "@bats-hardened/bats-support",
  "version": "0.3.1-beta11",
  "lockfileVersion": 3,
  "requires": true,
  "packages": {
    "": {
      "name": "@bats-hardened/bats-support",
      "version": "0.3.1-beta11",
      "license": "0BSD",
      "devDependencies": {
        "@bats-hardened/bats": "^1.14.1-alpha01"
      },
      "peerDependencies": {
        "@bats-hardened/bats": "0.4 || ^1.14.1-alpha01"
      }
    },
    "node_modules/@bats-hardened/bats": {
      "version": "1.14.1-alpha09npmwindows",
      "resolved": "https://registry.npmjs.org/@bats-hardened/bats/-/bats-1.14.1-alpha09npmwindows.tgz",
      "integrity": "sha512-2iiSTC+F1gDmRP4RPtZ2NiI6fshgy7cXzEQV2PQwi1jcfGrWEYvCD0i9vchX962YL9/6SDiksdCLE2Psies7TA==",
      "dev": true,
      "license": "MIT",
      "bin": {
        "bats": "bin/bats"
      }
    }
  }
}
