{
  "name": "@bats-hardened/bats-support",
  "version": "0.3.1-alpha01",
  "lockfileVersion": 3,
  "requires": true,
  "packages": {
    "": {
      "name": "@bats-hardened/bats-support",
      "version": "0.3.1-alpha01",
      "license": "0BSD",
      "devDependencies": {
        "@bats-hardened/bats": "^1.14.1-alpha01"
      },
      "peerDependencies": {
        "@bats-hardened/bats": "0.4 || ^1.14.1-alpha01"
      }
    },
    "node_modules/@bats-hardened/bats": {
      "version": "1.14.1-beta06",
      "resolved": "https://registry.npmjs.org/@bats-hardened/bats/-/bats-1.14.1-beta06.tgz",
      "integrity": "sha512-CLFIhQS4Hi5Znzvk7Ab+RMH1DJV2eS0X6FAOwxnCPcjcFY0Ot9VwYQFvih4Qbhfkzh+Nsa9KN6k8nG+5S01RwA==",
      "dev": true,
      "license": "MIT",
      "bin": {
        "bats": "bin/bats"
      }
    }
  }
}
