{
  "name": "@bats-hardened/bats-support",
  "version": "0.3.1-beta06",
  "lockfileVersion": 3,
  "requires": true,
  "packages": {
    "": {
      "name": "@bats-hardened/bats-support",
      "version": "0.3.1-beta06",
      "license": "0BSD",
      "devDependencies": {
        "@bats-hardened/bats": "^1.14.1-alpha01"
      },
      "peerDependencies": {
        "@bats-hardened/bats": "0.4 || ^1.14.1-alpha01"
      }
    },
    "node_modules/@bats-hardened/bats": {
      "version": "1.14.1-beta05",
      "resolved": "https://registry.npmjs.org/@bats-hardened/bats/-/bats-1.14.1-beta05.tgz",
      "integrity": "sha512-2BKvpMiK/GzSxStIzzHiudWtT94n1rmetVmPZsPFkkQBLYSYkWc28d3ASuswSKE3S6hOLkoAROLBUy7/oOFjQQ==",
      "dev": true,
      "license": "MIT",
      "bin": {
        "bats": "bin/bats"
      }
    }
  }
}
